
Microsoft Visual Studio Solution File, Format Version 12.00
# Visual Studio Version 16
VisualStudioVersion = 16.0.31112.23
MinimumVisualStudioVersion = 10.0.40219.1
Project("{FAE04EC0-301F-11D3-BF4B-00C04F79EFBC}") = "StoreApp.Web", "StoreApp.Web\StoreApp.Web.csproj", "{C39DB749-23F5-43FF-A5C8-4DD08CB13BCF}"
EndProject
Project("{FAE04EC0-301F-11D3-BF4B-00C04F79EFBC}") = "StoreApp.Entities", "StoreApp.Entities\StoreApp.Entities.csproj", "{34925C41-C2C0-4E3A-9819-B1E4A7832FF2}"
EndProject
Project("{FAE04EC0-301F-11D3-BF4B-00C04F79EFBC}") = "StoreApp.Data", "StoreApp.Data\StoreApp.Data.csproj", "{CF138BDE-238C-4EE7-BA63-205189036589}"
EndProject
Global
	GlobalSection(SolutionConfigurationPlatforms) = preSolution
		Debug|Any CPU = Debug|Any CPU
		Release|Any CPU = Release|Any CPU
	EndGlobalSection
	GlobalSection(ProjectConfigurationPlatforms) = postSolution
		{C39DB749-23F5-43FF-A5C8-4DD08CB13BCF}.Debug|Any CPU.ActiveCfg = Debug|Any CPU
		{C39DB749-23F5-43FF-A5C8-4DD08CB13BCF}.Debug|Any CPU.Build.0 = Debug|Any CPU
		{C39DB749-23F5-43FF-A5C8-4DD08CB13BCF}.Release|Any CPU.ActiveCfg = Release|Any CPU
		{C39DB749-23F5-43FF-A5C8-4DD08CB13BCF}.Release|Any CPU.Build.0 = Release|Any CPU
		{34925C41-C2C0-4E3A-9819-B1E4A7832FF2}.Debug|Any CPU.ActiveCfg = Debug|Any CPU
		{34925C41-C2C0-4E3A-9819-B1E4A7832FF2}.Debug|Any CPU.Build.0 = Debug|Any CPU
		{34925C41-C2C0-4E3A-9819-B1E4A7832FF2}.Release|Any CPU.ActiveCfg = Release|Any CPU
		{34925C41-C2C0-4E3A-9819-B1E4A7832FF2}.Release|Any CPU.Build.0 = Release|Any CPU
		{CF138BDE-238C-4EE7-BA63-205189036589}.Debug|Any CPU.ActiveCfg = Debug|Any CPU
		{CF138BDE-238C-4EE7-BA63-205189036589}.Debug|Any CPU.Build.0 = Debug|Any CPU
		{CF138BDE-238C-4EE7-BA63-205189036589}.Release|Any CPU.ActiveCfg = Release|Any CPU
		{CF138BDE-238C-4EE7-BA63-205189036589}.Release|Any CPU.Build.0 = Release|Any CPU
	EndGlobalSection
	GlobalSection(SolutionProperties) = preSolution
		HideSolutionNode = FALSE
	EndGlobalSection
	GlobalSection(ExtensibilityGlobals) = postSolution
		SolutionGuid = {AABE2E26-27AD-406B-B643-2DDA53144465}
	EndGlobalSection
EndGlobal
